
Microsoft Visual Studio Solution File, Format Version 12.00
# Visual Studio Version 17
VisualStudioVersion = 17.2.32616.157
MinimumVisualStudioVersion = 10.0.40219.1
Project("{FAE04EC0-301F-11D3-BF4B-00C04F79EFBC}") = "FindMaxProblemUsingGenerics", "FindMaxProblemUsingGenerics.csproj", "{EF77233D-372B-44F5-AB6C-FFC434C5ECEC}"
EndProject
Global
	GlobalSection(SolutionConfigurationPlatforms) = preSolution
		Debug|Any CPU = Debug|Any CPU
		Release|Any CPU = Release|Any CPU
	EndGlobalSection
	GlobalSection(ProjectConfigurationPlatforms) = postSolution
		{EF77233D-372B-44F5-AB6C-FFC434C5ECEC}.Debug|Any CPU.ActiveCfg = Debug|Any CPU
		{EF77233D-372B-44F5-AB6C-FFC434C5ECEC}.Debug|Any CPU.Build.0 = Debug|Any CPU
		{EF77233D-372B-44F5-AB6C-FFC434C5ECEC}.Release|Any CPU.ActiveCfg = Release|Any CPU
		{EF77233D-372B-44F5-AB6C-FFC434C5ECEC}.Release|Any CPU.Build.0 = Release|Any CPU
	EndGlobalSection
	GlobalSection(SolutionProperties) = preSolution
		HideSolutionNode = FALSE
	EndGlobalSection
	GlobalSection(ExtensibilityGlobals) = postSolution
		SolutionGuid = {F7B6AABF-97FD-44ED-863C-5C7D463763CE}
	EndGlobalSection
EndGlobal
